
Microsoft Visual Studio Solution File, Format Version 12.00
# Visual Studio Version 17
VisualStudioVersion = 17.10.35027.167
MinimumVisualStudioVersion = 10.0.40219.1
Project("{FAE04EC0-301F-11D3-BF4B-00C04F79EFBC}") = "JWT_API", "JWT_API\JWT_API.csproj", "{1915E5A6-21AE-45BD-A637-0FF00194543A}"
EndProject
Global
	GlobalSection(SolutionConfigurationPlatforms) = preSolution
		Debug|Any CPU = Debug|Any CPU
		Release|Any CPU = Release|Any CPU
	EndGlobalSection
	GlobalSection(ProjectConfigurationPlatforms) = postSolution
		{1915E5A6-21AE-45BD-A637-0FF00194543A}.Debug|Any CPU.ActiveCfg = Debug|Any CPU
		{1915E5A6-21AE-45BD-A637-0FF00194543A}.Debug|Any CPU.Build.0 = Debug|Any CPU
		{1915E5A6-21AE-45BD-A637-0FF00194543A}.Release|Any CPU.ActiveCfg = Release|Any CPU
		{1915E5A6-21AE-45BD-A637-0FF00194543A}.Release|Any CPU.Build.0 = Release|Any CPU
	EndGlobalSection
	GlobalSection(SolutionProperties) = preSolution
		HideSolutionNode = FALSE
	EndGlobalSection
	GlobalSection(ExtensibilityGlobals) = postSolution
		SolutionGuid = {66D24C71-6FF6-4B12-A46B-2765C41B7A83}
	EndGlobalSection
EndGlobal
